# This file is automatically @generated by Cargo.
# It is not intended for manual editing.
version = 4

[[package]]
name = "ngs_ast"
version = "0.2.0"

[[package]]
name = "ngs_codegen_llvm"
version = "0.2.0"
dependencies = [
 "ngs_ir",
 "ngs_parser",
 "ngs_sema",
]

[[package]]
name = "ngs_codegen_wasm"
version = "0.2.0"
dependencies = [
 "ngs_ir",
]

[[package]]
name = "ngs_driver"
version = "0.2.0"
dependencies = [
 "ngs_ast",
 "ngs_codegen_llvm",
 "ngs_codegen_wasm",
 "ngs_ir",
 "ngs_lexer",
 "ngs_parser",
 "ngs_sema",
 "ngs_std",
]

[[package]]
name = "ngs_ir"
version = "0.2.0"
dependencies = [
 "ngs_ast",
 "ngs_lexer",
 "ngs_parser",
 "ngs_sema",
]

[[package]]
name = "ngs_lexer"
version = "0.2.0"
dependencies = [
 "ngs_ast",
]

[[package]]
name = "ngs_parser"
version = "0.2.0"
dependencies = [
 "ngs_ast",
 "ngs_lexer",
]

[[package]]
name = "ngs_sema"
version = "0.2.0"
dependencies = [
 "ngs_ast",
 "ngs_parser",
]

[[package]]
name = "ngs_std"
version = "0.2.0"
